
Microsoft Visual Studio Solution File, Format Version 12.00
# Visual Studio 15
VisualStudioVersion = 15.0.27703.2018
MinimumVisualStudioVersion = 10.0.40219.1
Project("{FAE04EC0-301F-11D3-BF4B-00C04F79EFBC}") = "Studing_Journal", "Studing_Journal\Studing_Journal.csproj", "{F38511F0-0AB4-4243-A2AC-DE051B34513E}"
EndProject
Global
	GlobalSection(SolutionConfigurationPlatforms) = preSolution
		Debug|Any CPU = Debug|Any CPU
		Release|Any CPU = Release|Any CPU
	EndGlobalSection
	GlobalSection(ProjectConfigurationPlatforms) = postSolution
		{F38511F0-0AB4-4243-A2AC-DE051B34513E}.Debug|Any CPU.ActiveCfg = Debug|Any CPU
		{F38511F0-0AB4-4243-A2AC-DE051B34513E}.Debug|Any CPU.Build.0 = Debug|Any CPU
		{F38511F0-0AB4-4243-A2AC-DE051B34513E}.Release|Any CPU.ActiveCfg = Release|Any CPU
		{F38511F0-0AB4-4243-A2AC-DE051B34513E}.Release|Any CPU.Build.0 = Release|Any CPU
	EndGlobalSection
	GlobalSection(SolutionProperties) = preSolution
		HideSolutionNode = FALSE
	EndGlobalSection
	GlobalSection(ExtensibilityGlobals) = postSolution
		SolutionGuid = {1BB86D9B-5066-489E-B081-6986B6CAF6C8}
	EndGlobalSection
EndGlobal
